
Microsoft Visual Studio Solution File, Format Version 12.00
# Visual Studio Version 17
VisualStudioVersion = 17.9.34728.123
MinimumVisualStudioVersion = 10.0.40219.1
Project("{FAE04EC0-301F-11D3-BF4B-00C04F79EFBC}") = "net-calculator-tester", "net-calculator-tester\net-calculator-tester.csproj", "{C34C2345-05EC-47D2-BD2A-9D00C58A7EB4}"
EndProject
Project("{FAE04EC0-301F-11D3-BF4B-00C04F79EFBC}") = "net-calculator-testNUnit", "net-calculator-testNUnit\net-calculator-testNUnit.csproj", "{B1B40C19-F928-48E3-A790-F71C29A66094}"
EndProject
Global
	GlobalSection(SolutionConfigurationPlatforms) = preSolution
		Debug|Any CPU = Debug|Any CPU
		Release|Any CPU = Release|Any CPU
	EndGlobalSection
	GlobalSection(ProjectConfigurationPlatforms) = postSolution
		{C34C2345-05EC-47D2-BD2A-9D00C58A7EB4}.Debug|Any CPU.ActiveCfg = Debug|Any CPU
		{C34C2345-05EC-47D2-BD2A-9D00C58A7EB4}.Debug|Any CPU.Build.0 = Debug|Any CPU
		{C34C2345-05EC-47D2-BD2A-9D00C58A7EB4}.Release|Any CPU.ActiveCfg = Release|Any CPU
		{C34C2345-05EC-47D2-BD2A-9D00C58A7EB4}.Release|Any CPU.Build.0 = Release|Any CPU
		{B1B40C19-F928-48E3-A790-F71C29A66094}.Debug|Any CPU.ActiveCfg = Debug|Any CPU
		{B1B40C19-F928-48E3-A790-F71C29A66094}.Debug|Any CPU.Build.0 = Debug|Any CPU
		{B1B40C19-F928-48E3-A790-F71C29A66094}.Release|Any CPU.ActiveCfg = Release|Any CPU
		{B1B40C19-F928-48E3-A790-F71C29A66094}.Release|Any CPU.Build.0 = Release|Any CPU
	EndGlobalSection
	GlobalSection(SolutionProperties) = preSolution
		HideSolutionNode = FALSE
	EndGlobalSection
	GlobalSection(ExtensibilityGlobals) = postSolution
		SolutionGuid = {95FF7A2C-DED0-4132-B668-F872369AE206}
	EndGlobalSection
EndGlobal
